Microsoft Visual Studio Solution File, Format Version 10.00
# Visual Studio 2008

Project("{4BB1CF8B-D4A8-944B-0BEA-C512FB22A7E3}") = "Crossrainbow", "Crossrainbow.csproj", "{6BB69EA1-47D1-44F4-5058-2EE23F77647D}"
EndProject
Global
	GlobalSection(SolutionConfigurationPlatforms) = preSolution
		Debug|Any CPU = Debug|Any CPU
		Release|Any CPU = Release|Any CPU
	EndGlobalSection
	GlobalSection(ProjectConfigurationPlatforms) = postSolution
		{6BB69EA1-47D1-44F4-5058-2EE23F77647D}.Debug|Any CPU.ActiveCfg = Debug|Any CPU
		{6BB69EA1-47D1-44F4-5058-2EE23F77647D}.Debug|Any CPU.Build.0 = Debug|Any CPU
		{6BB69EA1-47D1-44F4-5058-2EE23F77647D}.Release|Any CPU.ActiveCfg = Release|Any CPU
		{6BB69EA1-47D1-44F4-5058-2EE23F77647D}.Release|Any CPU.Build.0 = Release|Any CPU
	EndGlobalSection
	GlobalSection(SolutionProperties) = preSolution
		HideSolutionNode = FALSE
	EndGlobalSection
	
EndGlobal
